
Microsoft Visual Studio Solution File, Format Version 12.00
# Visual Studio 15
VisualStudioVersion = 15.0.28307.421
MinimumVisualStudioVersion = 10.0.40219.1
Project("{FAE04EC0-301F-11D3-BF4B-00C04F79EFBC}") = "OdeToFood", "OdeToFood\OdeToFood.csproj", "{3540B410-501E-4C7C-AD43-6047475EC2A0}"
EndProject
Project("{FAE04EC0-301F-11D3-BF4B-00C04F79EFBC}") = "OdeToFood.Tests", "OdeToFood.Tests\OdeToFood.Tests.csproj", "{951BD579-B93E-487D-940F-EAB3823E035A}"
EndProject
Global
	GlobalSection(SolutionConfigurationPlatforms) = preSolution
		Debug|Any CPU = Debug|Any CPU
		Release|Any CPU = Release|Any CPU
	EndGlobalSection
	GlobalSection(ProjectConfigurationPlatforms) = postSolution
		{3540B410-501E-4C7C-AD43-6047475EC2A0}.Debug|Any CPU.ActiveCfg = Debug|Any CPU
		{3540B410-501E-4C7C-AD43-6047475EC2A0}.Debug|Any CPU.Build.0 = Debug|Any CPU
		{3540B410-501E-4C7C-AD43-6047475EC2A0}.Release|Any CPU.ActiveCfg = Release|Any CPU
		{3540B410-501E-4C7C-AD43-6047475EC2A0}.Release|Any CPU.Build.0 = Release|Any CPU
		{951BD579-B93E-487D-940F-EAB3823E035A}.Debug|Any CPU.ActiveCfg = Debug|Any CPU
		{951BD579-B93E-487D-940F-EAB3823E035A}.Debug|Any CPU.Build.0 = Debug|Any CPU
		{951BD579-B93E-487D-940F-EAB3823E035A}.Release|Any CPU.ActiveCfg = Release|Any CPU
		{951BD579-B93E-487D-940F-EAB3823E035A}.Release|Any CPU.Build.0 = Release|Any CPU
	EndGlobalSection
	GlobalSection(SolutionProperties) = preSolution
		HideSolutionNode = FALSE
	EndGlobalSection
	GlobalSection(ExtensibilityGlobals) = postSolution
		SolutionGuid = {F2BBD615-95EC-457E-B884-7DD35D23BE95}
	EndGlobalSection
EndGlobal
